# This file is machine-generated by `gh actions-lock`.
# Do not edit by hand; run `gh actions-lock` to update.
# Docs: https://gh.io/actions-lockfile
version: 'v0.0.2'
workflows:
    '.github/workflows/ci.yaml':
        - 'actions/checkout@v7.0.1'
        - 'actions/setup-node@v7.0.0'
        - 'fsfe/reuse-action@v6.0.0'
        - 'step-security/harden-runner@v2.20.1'
        - 'typesafegithub/github-actions-typing@v2.2.2'
dependencies:
    'actions/checkout@v7.0.1':
        ref: 'v7.0.1'
        commit: 'sha1-3d3c42e5aac5ba805825da76410c181273ba90b1'
        owner_id: 44036562
        repo_id: 197814629
    'actions/setup-node@v7.0.0':
        ref: 'v7.0.0'
        commit: 'sha1-820762786026740c76f36085b0efc47a31fe5020'
        owner_id: 44036562
        repo_id: 189476904
    'fsfe/reuse-action@v6.0.0':
        ref: 'v6.0.0'
        commit: 'sha1-676e2d560c9a403aa252096d99fcab3e1132b0f5'
        owner_id: 27927890
        repo_id: 244390200
    'step-security/harden-runner@v2.20.1':
        ref: 'v2.20.1'
        commit: 'sha1-b09bb98e06d4d774595224525879c09bc6e98c40'
        owner_id: 88700172
        repo_id: 422287306
    'typesafegithub/github-actions-typing@v2.2.2':
        ref: 'v2.2.2'
        commit: 'sha1-9ddf35b71a482be7d8922b28e8d00df16b77e315'
        owner_id: 129620060
        repo_id: 502427408
